
Microsoft Visual Studio Solution File, Format Version 12.00
# Visual Studio Version 16
VisualStudioVersion = 16.0.30907.101
MinimumVisualStudioVersion = 10.0.40219.1
Project("{FAE04EC0-301F-11D3-BF4B-00C04F79EFBC}") = "MusteriDeneme", "MusteriDeneme\MusteriDeneme.csproj", "{3A470AD7-7139-483F-A19F-5998A73B0E42}"
EndProject
Global
	GlobalSection(SolutionConfigurationPlatforms) = preSolution
		Debug|Any CPU = Debug|Any CPU
		Release|Any CPU = Release|Any CPU
	EndGlobalSection
	GlobalSection(ProjectConfigurationPlatforms) = postSolution
		{3A470AD7-7139-483F-A19F-5998A73B0E42}.Debug|Any CPU.ActiveCfg = Debug|Any CPU
		{3A470AD7-7139-483F-A19F-5998A73B0E42}.Debug|Any CPU.Build.0 = Debug|Any CPU
		{3A470AD7-7139-483F-A19F-5998A73B0E42}.Release|Any CPU.ActiveCfg = Release|Any CPU
		{3A470AD7-7139-483F-A19F-5998A73B0E42}.Release|Any CPU.Build.0 = Release|Any CPU
	EndGlobalSection
	GlobalSection(SolutionProperties) = preSolution
		HideSolutionNode = FALSE
	EndGlobalSection
	GlobalSection(ExtensibilityGlobals) = postSolution
		SolutionGuid = {A7295F34-7D8F-4CC8-9FBE-F97CEB0979BB}
	EndGlobalSection
EndGlobal
